// !$*UTF8*$!
{
	archiveVersion = 1;
	classes = {
	};
	objectVersion = 46;
	objects = {

/* Begin PBXBuildFile section */
		6F0BD78C1BC8C1F000E805B2 /* HypnosisViewController.m in Sources */ = {isa = PBXBuildFile; fileRef = 6F0BD78B1BC8C1F000E805B2 /* HypnosisViewController.m */; settings = {ASSET_TAGS = (); }; };
		6F1DAE6A1BC872FD00FD65A4 /* main.m in Sources */ = {isa = PBXBuildFile; fileRef = 6F1DAE691BC872FD00FD65A4 /* main.m */; };
		6F1DAE6D1BC872FD00FD65A4 /* AppDelegate.m in Sources */ = {isa = PBXBuildFile; fileRef = 6F1DAE6C1BC872FD00FD65A4 /* AppDelegate.m */; };
		6F1DAE6F1BC872FD00FD65A4 /* Hypnosister-Prefix.pch in Resources */ = {isa = PBXBuildFile; fileRef = 6F1DAE6E1BC872FD00FD65A4 /* Hypnosister-Prefix.pch */; };
		6F1DAE711BC872FD00FD65A4 /* Assets.xcassets in Resources */ = {isa = PBXBuildFile; fileRef = 6F1DAE701BC872FD00FD65A4 /* Assets.xcassets */; };
		6F1DAE741BC872FD00FD65A4 /* LaunchScreen.storyboard in Resources */ = {isa = PBXBuildFile; fileRef = 6F1DAE721BC872FD00FD65A4 /* LaunchScreen.storyboard */; };
		6F1DAE7F1BC872FD00FD65A4 /* HypnosisterTests.m in Sources */ = {isa = PBXBuildFile; fileRef = 6F1DAE7E1BC872FD00FD65A4 /* HypnosisterTests.m */; };
		6F1DAE8A1BC872FD00FD65A4 /* HypnosisterUITests.m in Sources */ = {isa = PBXBuildFile; fileRef = 6F1DAE891BC872FD00FD65A4 /* HypnosisterUITests.m */; };
		6F1DAE991BC87E9B00FD65A4 /* BNRHypnosisView.m in Sources */ = {isa = PBXBuildFile; fileRef = 6F1DAE981BC87E9B00FD65A4 /* BNRHypnosisView.m */; settings = {ASSET_TAGS = (); }; };
/* End PBXBuildFile section */

/* Begin PBXContainerItemProxy section */
		6F1DAE7B1BC872FD00FD65A4 /* PBXContainerItemProxy */ = {
			isa = PBXContainerItemProxy;
			containerPortal = 6F1DAE5D1BC872FD00FD65A4 /* Project object */;
			proxyType = 1;
			remoteGlobalIDString = 6F1DAE641BC872FD00FD65A4;
			remoteInfo = Hypnosister;
		};
		6F1DAE861BC872FD00FD65A4 /* PBXContainerItemProxy */ = {
			isa = PBXContainerItemProxy;
			containerPortal = 6F1DAE5D1BC872FD00FD65A4 /* Project object */;
			proxyType = 1;
			remoteGlobalIDString = 6F1DAE641BC872FD00FD65A4;
			remoteInfo = Hypnosister;
		};
/* End PBXContainerItemProxy section */

/* Begin PBXFileReference section */
		6F0BD78A1BC8C1F000E805B2 /* HypnosisViewController.h */ = {isa = PBXFileReference; fileEncoding = 4; lastKnownFileType = sourcecode.c.h; path = HypnosisViewController.h; sourceTree = "<group>"; };
		6F0BD78B1BC8C1F000E805B2 /* HypnosisViewController.m */ = {isa = PBXFileReference; fileEncoding = 4; lastKnownFileType = sourcecode.c.objc; path = HypnosisViewController.m; sourceTree = "<group>"; };
		6F1DAE651BC872FD00FD65A4 /* Hypnosister.app */ = {isa = PBXFileReference; explicitFileType = wrapper.application; includeInIndex = 0; path = Hypnosister.app; sourceTree = BUILT_PRODUCTS_DIR; };
		6F1DAE691BC872FD00FD65A4 /* main.m */ = {isa = PBXFileReference; lastKnownFileType = sourcecode.c.objc; path = main.m; sourceTree = "<group>"; };
		6F1DAE6B1BC872FD00FD65A4 /* AppDelegate.h */ = {isa = PBXFileReference; lastKnownFileType = sourcecode.c.h; path = AppDelegate.h; sourceTree = "<group>"; };
		6F1DAE6C1BC872FD00FD65A4 /* AppDelegate.m */ = {isa = PBXFileReference; lastKnownFileType = sourcecode.c.objc; path = AppDelegate.m; sourceTree = "<group>"; };
		6F1DAE6E1BC872FD00FD65A4 /* Hypnosister-Prefix.pch */ = {isa = PBXFileReference; lastKnownFileType = sourcecode.c.h; path = "Hypnosister-Prefix.pch"; sourceTree = "<group>"; };
		6F1DAE701BC872FD00FD65A4 /* Assets.xcassets */ = {isa = PBXFileReference; lastKnownFileType = folder.assetcatalog; path = Assets.xcassets; sourceTree = "<group>"; };
		6F1DAE731BC872FD00FD65A4 /* Base */ = {isa = PBXFileReference; lastKnownFileType = file.storyboard; name = Base; path = Base.lproj/LaunchScreen.storyboard; sourceTree = "<group>"; };
		6F1DAE751BC872FD00FD65A4 /* Info.plist */ = {isa = PBXFileReference; lastKnownFileType = text.plist.xml; path = Info.plist; sourceTree = "<group>"; };
		6F1DAE7A1BC872FD00FD65A4 /* HypnosisterTests.xctest */ = {isa = PBXFileReference; explicitFileType = wrapper.cfbundle; includeInIndex = 0; path = HypnosisterTests.xctest; sourceTree = BUILT_PRODUCTS_DIR; };
		6F1DAE7E1BC872FD00FD65A4 /* HypnosisterTests.m */ = {isa = PBXFileReference; lastKnownFileType = sourcecode.c.objc; path = HypnosisterTests.m; sourceTree = "<group>"; };
		6F1DAE801BC872FD00FD65A4 /* Info.plist */ = {isa = PBXFileReference; lastKnownFileType = text.plist.xml; path = Info.plist; sourceTree = "<group>"; };
		6F1DAE851BC872FD00FD65A4 /* HypnosisterUITests.xctest */ = {isa = PBXFileReference; explicitFileType = wrapper.cfbundle; includeInIndex = 0; path = HypnosisterUITests.xctest; sourceTree = BUILT_PRODUCTS_DIR; };
		6F1DAE891BC872FD00FD65A4 /* HypnosisterUITests.m */ = {isa = PBXFileReference; lastKnownFileType = sourcecode.c.objc; path = HypnosisterUITests.m; sourceTree = "<group>"; };
		6F1DAE8B1BC872FD00FD65A4 /* Info.plist */ = {isa = PBXFileReference; lastKnownFileType = text.plist.xml; path = Info.plist; sourceTree = "<group>"; };
		6F1DAE971BC87E9B00FD65A4 /* BNRHypnosisView.h */ = {isa = PBXFileReference; fileEncoding = 4; lastKnownFileType = sourcecode.c.h; path = BNRHypnosisView.h; sourceTree = "<group>"; };
		6F1DAE981BC87E9B00FD65A4 /* BNRHypnosisView.m */ = {isa = PBXFileReference; fileEncoding = 4; lastKnownFileType = sourcecode.c.objc; path = BNRHypnosisView.m; sourceTree = "<group>"; };
/* End PBXFileReference section */

/* Begin PBXFrameworksBuildPhase section */
		6F1DAE621BC872FD00FD65A4 /* Frameworks */ = {
			isa = PBXFrameworksBuildPhase;
			buildActionMask = 2147483647;
			files = (
			);
			runOnlyForDeploymentPostprocessing = 0;
		};
		6F1DAE771BC872FD00FD65A4 /* Frameworks */ = {
			isa = PBXFrameworksBuildPhase;
			buildActionMask = 2147483647;
			files = (
			);
			runOnlyForDeploymentPostprocessing = 0;
		};
		6F1DAE821BC872FD00FD65A4 /* Frameworks */ = {
			isa = PBXFrameworksBuildPhase;
			buildActionMask = 2147483647;
			files = (
			);
			runOnlyForDeploymentPostprocessing = 0;
		};
/* End PBXFrameworksBuildPhase section */

/* Begin PBXGroup section */
		6F1DAE5C1BC872FD00FD65A4 = {
			isa = PBXGroup;
			children = (
				6F0BD78A1BC8C1F000E805B2 /* HypnosisViewController.h */,
				6F0BD78B1BC8C1F000E805B2 /* HypnosisViewController.m */,
				6F1DAE671BC872FD00FD65A4 /* Hypnosister */,
				6F1DAE7D1BC872FD00FD65A4 /* HypnosisterTests */,
				6F1DAE881BC872FD00FD65A4 /* HypnosisterUITests */,
				6F1DAE661BC872FD00FD65A4 /* Products */,
			);
			sourceTree = "<group>";
		};
		6F1DAE661BC872FD00FD65A4 /* Products */ = {
			isa = PBXGroup;
			children = (
				6F1DAE651BC872FD00FD65A4 /* Hypnosister.app */,
				6F1DAE7A1BC872FD00FD65A4 /* HypnosisterTests.xctest */,
				6F1DAE851BC872FD00FD65A4 /* HypnosisterUITests.xctest */,
			);
			name = Products;
			sourceTree = "<group>";
		};
		6F1DAE671BC872FD00FD65A4 /* Hypnosister */ = {
			isa = PBXGroup;
			children = (
				6F1DAE6B1BC872FD00FD65A4 /* AppDelegate.h */,
				6F1DAE6C1BC872FD00FD65A4 /* AppDelegate.m */,
				6F1DAE971BC87E9B00FD65A4 /* BNRHypnosisView.h */,
				6F1DAE981BC87E9B00FD65A4 /* BNRHypnosisView.m */,
				6F1DAE6E1BC872FD00FD65A4 /* Hypnosister-Prefix.pch */,
				6F1DAE701BC872FD00FD65A4 /* Assets.xcassets */,
				6F1DAE721BC872FD00FD65A4 /* LaunchScreen.storyboard */,
				6F1DAE751BC872FD00FD65A4 /* Info.plist */,
				6F1DAE681BC872FD00FD65A4 /* Supporting Files */,
			);
			path = Hypnosister;
			sourceTree = "<group>";
		};
		6F1DAE681BC872FD00FD65A4 /* Supporting Files */ = {
			isa = PBXGroup;
			children = (
				6F1DAE691BC872FD00FD65A4 /* main.m */,
			);
			name = "Supporting Files";
			sourceTree = "<group>";
		};
		6F1DAE7D1BC872FD00FD65A4 /* HypnosisterTests */ = {
			isa = PBXGroup;
			children = (
				6F1DAE7E1BC872FD00FD65A4 /* HypnosisterTests.m */,
				6F1DAE801BC872FD00FD65A4 /* Info.plist */,
			);
			path = HypnosisterTests;
			sourceTree = "<group>";
		};
		6F1DAE881BC872FD00FD65A4 /* HypnosisterUITests */ = {
			isa = PBXGroup;
			children = (
				6F1DAE891BC872FD00FD65A4 /* HypnosisterUITests.m */,
				6F1DAE8B1BC872FD00FD65A4 /* Info.plist */,
			);
			path = HypnosisterUITests;
			sourceTree = "<group>";
		};
/* End PBXGroup section */

/* Begin PBXNativeTarget section */
		6F1DAE641BC872FD00FD65A4 /* Hypnosister */ = {
			isa = PBXNativeTarget;
			buildConfigurationList = 6F1DAE8E1BC872FD00FD65A4 /* Build configuration list for PBXNativeTarget "Hypnosister" */;
			buildPhases = (
				6F1DAE611BC872FD00FD65A4 /* Sources */,
				6F1DAE621BC872FD00FD65A4 /* Frameworks */,
				6F1DAE631BC872FD00FD65A4 /* Resources */,
			);
			buildRules = (
			);
			dependencies = (
			);
			name = Hypnosister;
			productName = Hypnosister;
			productReference = 6F1DAE651BC872FD00FD65A4 /* Hypnosister.app */;
			productType = "com.apple.product-type.application";
		};
		6F1DAE791BC872FD00FD65A4 /* HypnosisterTests */ = {
			isa = PBXNativeTarget;
			buildConfigurationList = 6F1DAE911BC872FD00FD65A4 /* Build configuration list for PBXNativeTarget "HypnosisterTests" */;
			buildPhases = (
				6F1DAE761BC872FD00FD65A4 /* Sources */,
				6F1DAE771BC872FD00FD65A4 /* Frameworks */,
				6F1DAE781BC872FD00FD65A4 /* Resources */,
			);
			buildRules = (
			);
			dependencies = (
				6F1DAE7C1BC872FD00FD65A4 /* PBXTargetDependency */,
			);
			name = HypnosisterTests;
			productName = HypnosisterTests;
			productReference = 6F1DAE7A1BC872FD00FD65A4 /* HypnosisterTests.xctest */;
			productType = "com.apple.product-type.bundle.unit-test";
		};
		6F1DAE841BC872FD00FD65A4 /* HypnosisterUITests */ = {
			isa = PBXNativeTarget;
			buildConfigurationList = 6F1DAE941BC872FD00FD65A4 /* Build configuration list for PBXNativeTarget "HypnosisterUITests" */;
			buildPhases = (
				6F1DAE811BC872FD00FD65A4 /* Sources */,
				6F1DAE821BC872FD00FD65A4 /* Frameworks */,
				6F1DAE831BC872FD00FD65A4 /* Resources */,
			);
			buildRules = (
			);
			dependencies = (
				6F1DAE871BC872FD00FD65A4 /* PBXTargetDependency */,
			);
			name = HypnosisterUITests;
			productName = HypnosisterUITests;
			productReference = 6F1DAE851BC872FD00FD65A4 /* HypnosisterUITests.xctest */;
			productType = "com.apple.product-type.bundle.ui-testing";
		};
/* End PBXNativeTarget section */

/* Begin PBXProject section */
		6F1DAE5D1BC872FD00FD65A4 /* Project object */ = {
			isa = PBXProject;
			attributes = {
				LastUpgradeCheck = 0700;
				ORGANIZATIONNAME = "Jose Luis Castillo";
				TargetAttributes = {
					6F1DAE641BC872FD00FD65A4 = {
						CreatedOnToolsVersion = 7.0.1;
					};
					6F1DAE791BC872FD00FD65A4 = {
						CreatedOnToolsVersion = 7.0.1;
						TestTargetID = 6F1DAE641BC872FD00FD65A4;
					};
					6F1DAE841BC872FD00FD65A4 = {
						CreatedOnToolsVersion = 7.0.1;
						TestTargetID = 6F1DAE641BC872FD00FD65A4;
					};
				};
			};
			buildConfigurationList = 6F1DAE601BC872FD00FD65A4 /* Build configuration list for PBXProject "Hypnosister" */;
			compatibilityVersion = "Xcode 3.2";
			developmentRegion = English;
			hasScannedForEncodings = 0;
			knownRegions = (
				en,
				Base,
			);
			mainGroup = 6F1DAE5C1BC872FD00FD65A4;
			productRefGroup = 6F1DAE661BC872FD00FD65A4 /* Products */;
			projectDirPath = "";
			projectRoot = "";
			targets = (
				6F1DAE641BC872FD00FD65A4 /* Hypnosister */,
				6F1DAE791BC872FD00FD65A4 /* HypnosisterTests */,
				6F1DAE841BC872FD00FD65A4 /* HypnosisterUITests */,
			);
		};
/* End PBXProject section */

/* Begin PBXResourcesBuildPhase section */
		6F1DAE631BC872FD00FD65A4 /* Resources */ = {
			isa = PBXResourcesBuildPhase;
			buildActionMask = 2147483647;
			files = (
				6F1DAE741BC872FD00FD65A4 /* LaunchScreen.storyboard in Resources */,
				6F1DAE711BC872FD00FD65A4 /* Assets.xcassets in Resources */,
				6F1DAE6F1BC872FD00FD65A4 /* Hypnosister-Prefix.pch in Resources */,
			);
			runOnlyForDeploymentPostprocessing = 0;
		};
		6F1DAE781BC872FD00FD65A4 /* Resources */ = {
			isa = PBXResourcesBuildPhase;
			buildActionMask = 2147483647;
			files = (
			);
			runOnlyForDeploymentPostprocessing = 0;
		};
		6F1DAE831BC872FD00FD65A4 /* Resources */ = {
			isa = PBXResourcesBuildPhase;
			buildActionMask = 2147483647;
			files = (
			);
			runOnlyForDeploymentPostprocessing = 0;
		};
/* End PBXResourcesBuildPhase section */

/* Begin PBXSourcesBuildPhase section */
		6F1DAE611BC872FD00FD65A4 /* Sources */ = {
			isa = PBXSourcesBuildPhase;
			buildActionMask = 2147483647;
			files = (
				6F1DAE6D1BC872FD00FD65A4 /* AppDelegate.m in Sources */,
				6F1DAE6A1BC872FD00FD65A4 /* main.m in Sources */,
				6F1DAE991BC87E9B00FD65A4 /* BNRHypnosisView.m in Sources */,
				6F0BD78C1BC8C1F000E805B2 /* HypnosisViewController.m in Sources */,
			);
			runOnlyForDeploymentPostprocessing = 0;
		};
		6F1DAE761BC872FD00FD65A4 /* Sources */ = {
			isa = PBXSourcesBuildPhase;
			buildActionMask = 2147483647;
			files = (
				6F1DAE7F1BC872FD00FD65A4 /* HypnosisterTests.m in Sources */,
			);
			runOnlyForDeploymentPostprocessing = 0;
		};
		6F1DAE811BC872FD00FD65A4 /* Sources */ = {
			isa = PBXSourcesBuildPhase;
			buildActionMask = 2147483647;
			files = (
				6F1DAE8A1BC872FD00FD65A4 /* HypnosisterUITests.m in Sources */,
			);
			runOnlyForDeploymentPostprocessing = 0;
		};
/* End PBXSourcesBuildPhase section */

/* Begin PBXTargetDependency section */
		6F1DAE7C1BC872FD00FD65A4 /* PBXTargetDependency */ = {
			isa = PBXTargetDependency;
			target = 6F1DAE641BC872FD00FD65A4 /* Hypnosister */;
			targetProxy = 6F1DAE7B1BC872FD00FD65A4 /* PBXContainerItemProxy */;
		};
		6F1DAE871BC872FD00FD65A4 /* PBXTargetDependency */ = {
			isa = PBXTargetDependency;
			target = 6F1DAE641BC872FD00FD65A4 /* Hypnosister */;
			targetProxy = 6F1DAE861BC872FD00FD65A4 /* PBXContainerItemProxy */;
		};
/* End PBXTargetDependency section */

/* Begin PBXVariantGroup section */
		6F1DAE721BC872FD00FD65A4 /* LaunchScreen.storyboard */ = {
			isa = PBXVariantGroup;
			children = (
				6F1DAE731BC872FD00FD65A4 /* Base */,
			);
			name = LaunchScreen.storyboard;
			sourceTree = "<group>";
		};
/* End PBXVariantGroup section */

/* Begin XCBuildConfiguration section */
		6F1DAE8C1BC872FD00FD65A4 /* Debug */ = {
			isa = XCBuildConfiguration;
			buildSettings = {
				ALWAYS_SEARCH_USER_PATHS = NO;
				CLANG_CXX_LANGUAGE_STANDARD = "gnu++0x";
				CLANG_CXX_LIBRARY = "libc++";
				CLANG_ENABLE_MODULES = YES;
				CLANG_ENABLE_OBJC_ARC = YES;
				CLANG_WARN_BOOL_CONVERSION = YES;
				CLANG_WARN_CONSTANT_CONVERSION = YES;
				CLANG_WARN_DIRECT_OBJC_ISA_USAGE = YES_ERROR;
				CLANG_WARN_EMPTY_BODY = YES;
				CLANG_WARN_ENUM_CONVERSION = YES;
				CLANG_WARN_INT_CONVERSION = YES;
				CLANG_WARN_OBJC_ROOT_CLASS = YES_ERROR;
				CLANG_WARN_UNREACHABLE_CODE = YES;
				CLANG_WARN__DUPLICATE_METHOD_MATCH = YES;
				"CODE_SIGN_IDENTITY[sdk=iphoneos*]" = "iPhone Developer";
				COPY_PHASE_STRIP = NO;
				DEBUG_INFORMATION_FORMAT = dwarf;
				ENABLE_STRICT_OBJC_MSGSEND = YES;
				ENABLE_TESTABILITY = YES;
				GCC_C_LANGUAGE_STANDARD = gnu99;
				GCC_DYNAMIC_NO_PIC = NO;
				GCC_NO_COMMON_BLOCKS = YES;
				GCC_OPTIMIZATION_LEVEL = 0;
				GCC_PREPROCESSOR_DEFINITIONS = (
					"DEBUG=1",
					"$(inherited)",
				);
				GCC_WARN_64_TO_32_BIT_CONVERSION = YES;
				GCC_WARN_ABOUT_RETURN_TYPE = YES_ERROR;
				GCC_WARN_UNDECLARED_SELECTOR = YES;
				GCC_WARN_UNINITIALIZED_AUTOS = YES_AGGRESSIVE;
				GCC_WARN_UNUSED_FUNCTION = YES;
				GCC_WARN_UNUSED_VARIABLE = YES;
				IPHONEOS_DEPLOYMENT_TARGET = 9.0;
				MTL_ENABLE_DEBUG_INFO = YES;
				ONLY_ACTIVE_ARCH = YES;
				SDKROOT = iphoneos;
			};
			name = Debug;
		};
		6F1DAE8D1BC872FD00FD65A4 /* Release */ = {
			isa = XCBuildConfiguration;
			buildSettings = {
				ALWAYS_SEARCH_USER_PATHS = NO;
				CLANG_CXX_LANGUAGE_STANDARD = "gnu++0x";
				CLANG_CXX_LIBRARY = "libc++";
				CLANG_ENABLE_MODULES = YES;
				CLANG_ENABLE_OBJC_ARC = YES;
				CLANG_WARN_BOOL_CONVERSION = YES;
				CLANG_WARN_CONSTANT_CONVERSION = YES;
				CLANG_WARN_DIRECT_OBJC_ISA_USAGE = YES_ERROR;
				CLANG_WARN_EMPTY_BODY = YES;
				CLANG_WARN_ENUM_CONVERSION = YES;
				CLANG_WARN_INT_CONVERSION = YES;
				CLANG_WARN_OBJC_ROOT_CLASS = YES_ERROR;
				CLANG_WARN_UNREACHABLE_CODE = YES;
				CLANG_WARN__DUPLICATE_METHOD_MATCH = YES;
				"CODE_SIGN_IDENTITY[sdk=iphoneos*]" = "iPhone Developer";
				COPY_PHASE_STRIP = NO;
				DEBUG_INFORMATION_FORMAT = "dwarf-with-dsym";
				ENABLE_NS_ASSERTIONS = NO;
				ENABLE_STRICT_OBJC_MSGSEND = YES;
				GCC_C_LANGUAGE_STANDARD = gnu99;
				GCC_NO_COMMON_BLOCKS = YES;
				GCC_WARN_64_TO_32_BIT_CONVERSION = YES;
				GCC_WARN_ABOUT_RETURN_TYPE = YES_ERROR;
				GCC_WARN_UNDECLARED_SELECTOR = YES;
				GCC_WARN_UNINITIALIZED_AUTOS = YES_AGGRESSIVE;
				GCC_WARN_UNUSED_FUNCTION = YES;
				GCC_WARN_UNUSED_VARIABLE = YES;
				IPHONEOS_DEPLOYMENT_TARGET = 9.0;
				MTL_ENABLE_DEBUG_INFO = NO;
				SDKROOT = iphoneos;
				VALIDATE_PRODUCT = YES;
			};
			name = Release;
		};
		6F1DAE8F1BC872FD00FD65A4 /* Debug */ = {
			isa = XCBuildConfiguration;
			buildSettings = {
				ASSETCATALOG_COMPILER_APPICON_NAME = AppIcon;
				INFOPLIST_FILE = Hypnosister/Info.plist;
				LD_RUNPATH_SEARCH_PATHS = "$(inherited) @executable_path/Frameworks";
				PRODUCT_BUNDLE_IDENTIFIER = com.joseluiscastillo.Hypnosister;
				PRODUCT_NAME = "$(TARGET_NAME)";
			};
			name = Debug;
		};
		6F1DAE901BC872FD00FD65A4 /* Release */ = {
			isa = XCBuildConfiguration;
			buildSettings = {
				ASSETCATALOG_COMPILER_APPICON_NAME = AppIcon;
				INFOPLIST_FILE = Hypnosister/Info.plist;
				LD_RUNPATH_SEARCH_PATHS = "$(inherited) @executable_path/Frameworks";
				PRODUCT_BUNDLE_IDENTIFIER = com.joseluiscastillo.Hypnosister;
				PRODUCT_NAME = "$(TARGET_NAME)";
			};
			name = Release;
		};
		6F1DAE921BC872FD00FD65A4 /* Debug */ = {
			isa = XCBuildConfiguration;
			buildSettings = {
				BUNDLE_LOADER = "$(TEST_HOST)";
				INFOPLIST_FILE = HypnosisterTests/Info.plist;
				LD_RUNPATH_SEARCH_PATHS = "$(inherited) @executable_path/Frameworks @loader_path/Frameworks";
				PRODUCT_BUNDLE_IDENTIFIER = com.joseluiscastillo.HypnosisterTests;
				PRODUCT_NAME = "$(TARGET_NAME)";
				TEST_HOST = "$(BUILT_PRODUCTS_DIR)/Hypnosister.app/Hypnosister";
			};
			name = Debug;
		};
		6F1DAE931BC872FD00FD65A4 /* Release */ = {
			isa = XCBuildConfiguration;
			buildSettings = {
				BUNDLE_LOADER = "$(TEST_HOST)";
				INFOPLIST_FILE = HypnosisterTests/Info.plist;
				LD_RUNPATH_SEARCH_PATHS = "$(inherited) @executable_path/Frameworks @loader_path/Frameworks";
				PRODUCT_BUNDLE_IDENTIFIER = com.joseluiscastillo.HypnosisterTests;
				PRODUCT_NAME = "$(TARGET_NAME)";
				TEST_HOST = "$(BUILT_PRODUCTS_DIR)/Hypnosister.app/Hypnosister";
			};
			name = Release;
		};
		6F1DAE951BC872FD00FD65A4 /* Debug */ = {
			isa = XCBuildConfiguration;
			buildSettings = {
				INFOPLIST_FILE = HypnosisterUITests/Info.plist;
				LD_RUNPATH_SEARCH_PATHS = "$(inherited) @executable_path/Frameworks @loader_path/Frameworks";
				PRODUCT_BUNDLE_IDENTIFIER = com.joseluiscastillo.HypnosisterUITests;
				PRODUCT_NAME = "$(TARGET_NAME)";
				TEST_TARGET_NAME = Hypnosister;
				USES_XCTRUNNER = YES;
			};
			name = Debug;
		};
		6F1DAE961BC872FD00FD65A4 /* Release */ = {
			isa = XCBuildConfiguration;
			buildSettings = {
				INFOPLIST_FILE = HypnosisterUITests/Info.plist;
				LD_RUNPATH_SEARCH_PATHS = "$(inherited) @executable_path/Frameworks @loader_path/Frameworks";
				PRODUCT_BUNDLE_IDENTIFIER = com.joseluiscastillo.HypnosisterUITests;
				PRODUCT_NAME = "$(TARGET_NAME)";
				TEST_TARGET_NAME = Hypnosister;
				USES_XCTRUNNER = YES;
			};
			name = Release;
		};
/* End XCBuildConfiguration section */

/* Begin XCConfigurationList section */
		6F1DAE601BC872FD00FD65A4 /* Build configuration list for PBXProject "Hypnosister" */ = {
			isa = XCConfigurationList;
			buildConfigurations = (
				6F1DAE8C1BC872FD00FD65A4 /* Debug */,
				6F1DAE8D1BC872FD00FD65A4 /* Release */,
			);
			defaultConfigurationIsVisible = 0;
			defaultConfigurationName = Release;
		};
		6F1DAE8E1BC872FD00FD65A4 /* Build configuration list for PBXNativeTarget "Hypnosister" */ = {
			isa = XCConfigurationList;
			buildConfigurations = (
				6F1DAE8F1BC872FD00FD65A4 /* Debug */,
				6F1DAE901BC872FD00FD65A4 /* Release */,
			);
			defaultConfigurationIsVisible = 0;
			defaultConfigurationName = Release;
		};
		6F1DAE911BC872FD00FD65A4 /* Build configuration list for PBXNativeTarget "HypnosisterTests" */ = {
			isa = XCConfigurationList;
			buildConfigurations = (
				6F1DAE921BC872FD00FD65A4 /* Debug */,
				6F1DAE931BC872FD00FD65A4 /* Release */,
			);
			defaultConfigurationIsVisible = 0;
			defaultConfigurationName = Release;
		};
		6F1DAE941BC872FD00FD65A4 /* Build configuration list for PBXNativeTarget "HypnosisterUITests" */ = {
			isa = XCConfigurationList;
			buildConfigurations = (
				6F1DAE951BC872FD00FD65A4 /* Debug */,
				6F1DAE961BC872FD00FD65A4 /* Release */,
			);
			defaultConfigurationIsVisible = 0;
			defaultConfigurationName = Release;
		};
/* End XCConfigurationList section */
	};
	rootObject = 6F1DAE5D1BC872FD00FD65A4 /* Project object */;
}
